
Microsoft Visual Studio Solution File, Format Version 12.00
# Visual Studio 15
VisualStudioVersion = 15.0.28307.421
MinimumVisualStudioVersion = 10.0.40219.1
Project("{FAE04EC0-301F-11D3-BF4B-00C04F79EFBC}") = "Fighter App", "Fighter App\Fighter App.csproj", "{6FD06B9E-82BE-4E88-833A-F7BCA8C6B938}"
EndProject
Project("{FAE04EC0-301F-11D3-BF4B-00C04F79EFBC}") = "MyLibrary", "MyLibrary\MyLibrary.csproj", "{77E09B5D-188C-4010-B943-7F53ED6A0E04}"
EndProject
Global
	GlobalSection(SolutionConfigurationPlatforms) = preSolution
		Debug|Any CPU = Debug|Any CPU
		Release|Any CPU = Release|Any CPU
	EndGlobalSection
	GlobalSection(ProjectConfigurationPlatforms) = postSolution
		{6FD06B9E-82BE-4E88-833A-F7BCA8C6B938}.Debug|Any CPU.ActiveCfg = Debug|Any CPU
		{6FD06B9E-82BE-4E88-833A-F7BCA8C6B938}.Debug|Any CPU.Build.0 = Debug|Any CPU
		{6FD06B9E-82BE-4E88-833A-F7BCA8C6B938}.Release|Any CPU.ActiveCfg = Release|Any CPU
		{6FD06B9E-82BE-4E88-833A-F7BCA8C6B938}.Release|Any CPU.Build.0 = Release|Any CPU
		{77E09B5D-188C-4010-B943-7F53ED6A0E04}.Debug|Any CPU.ActiveCfg = Debug|Any CPU
		{77E09B5D-188C-4010-B943-7F53ED6A0E04}.Debug|Any CPU.Build.0 = Debug|Any CPU
		{77E09B5D-188C-4010-B943-7F53ED6A0E04}.Release|Any CPU.ActiveCfg = Release|Any CPU
		{77E09B5D-188C-4010-B943-7F53ED6A0E04}.Release|Any CPU.Build.0 = Release|Any CPU
	EndGlobalSection
	GlobalSection(SolutionProperties) = preSolution
		HideSolutionNode = FALSE
	EndGlobalSection
	GlobalSection(ExtensibilityGlobals) = postSolution
		SolutionGuid = {29CBCCCD-7103-44A9-B576-BC60589446E3}
	EndGlobalSection
EndGlobal
