
Microsoft Visual Studio Solution File, Format Version 12.00
# Visual Studio 15
VisualStudioVersion = 15.0.28307.489
MinimumVisualStudioVersion = 10.0.40219.1
Project("{FAE04EC0-301F-11D3-BF4B-00C04F79EFBC}") = "Error ex", "Error ex\Error ex.csproj", "{FA6C3546-78AE-4D5A-AE42-8A1C48EBDF8A}"
EndProject
Project("{FAE04EC0-301F-11D3-BF4B-00C04F79EFBC}") = "ClassLibrary", "ClassLibrary\ClassLibrary.csproj", "{5853A7F5-62FF-49C4-AC51-E2B28D8FC8D2}"
EndProject
Global
	GlobalSection(SolutionConfigurationPlatforms) = preSolution
		Debug|Any CPU = Debug|Any CPU
		Release|Any CPU = Release|Any CPU
	EndGlobalSection
	GlobalSection(ProjectConfigurationPlatforms) = postSolution
		{FA6C3546-78AE-4D5A-AE42-8A1C48EBDF8A}.Debug|Any CPU.ActiveCfg = Debug|Any CPU
		{FA6C3546-78AE-4D5A-AE42-8A1C48EBDF8A}.Debug|Any CPU.Build.0 = Debug|Any CPU
		{FA6C3546-78AE-4D5A-AE42-8A1C48EBDF8A}.Release|Any CPU.ActiveCfg = Release|Any CPU
		{FA6C3546-78AE-4D5A-AE42-8A1C48EBDF8A}.Release|Any CPU.Build.0 = Release|Any CPU
		{5853A7F5-62FF-49C4-AC51-E2B28D8FC8D2}.Debug|Any CPU.ActiveCfg = Debug|Any CPU
		{5853A7F5-62FF-49C4-AC51-E2B28D8FC8D2}.Debug|Any CPU.Build.0 = Debug|Any CPU
		{5853A7F5-62FF-49C4-AC51-E2B28D8FC8D2}.Release|Any CPU.ActiveCfg = Release|Any CPU
		{5853A7F5-62FF-49C4-AC51-E2B28D8FC8D2}.Release|Any CPU.Build.0 = Release|Any CPU
	EndGlobalSection
	GlobalSection(SolutionProperties) = preSolution
		HideSolutionNode = FALSE
	EndGlobalSection
	GlobalSection(ExtensibilityGlobals) = postSolution
		SolutionGuid = {38EC0CAB-DEB3-4944-945C-12298394E679}
	EndGlobalSection
EndGlobal
